
Microsoft Visual Studio Solution File, Format Version 12.00
# Visual Studio Version 17
VisualStudioVersion = 17.6.33829.357
MinimumVisualStudioVersion = 10.0.40219.1
Project("{FAE04EC0-301F-11D3-BF4B-00C04F79EFBC}") = "LspVoilation", "LspVoilation\LspVoilation.csproj", "{56681D38-320C-43D4-B69F-72D6D2067319}"
EndProject
Project("{FAE04EC0-301F-11D3-BF4B-00C04F79EFBC}") = "LspSolution", "LspSolution\LspSolution.csproj", "{C9EDCBFE-75D2-4ECE-87C7-AFEEF85A7C93}"
EndProject
Global
	GlobalSection(SolutionConfigurationPlatforms) = preSolution
		Debug|Any CPU = Debug|Any CPU
		Release|Any CPU = Release|Any CPU
	EndGlobalSection
	GlobalSection(ProjectConfigurationPlatforms) = postSolution
		{56681D38-320C-43D4-B69F-72D6D2067319}.Debug|Any CPU.ActiveCfg = Debug|Any CPU
		{56681D38-320C-43D4-B69F-72D6D2067319}.Debug|Any CPU.Build.0 = Debug|Any CPU
		{56681D38-320C-43D4-B69F-72D6D2067319}.Release|Any CPU.ActiveCfg = Release|Any CPU
		{56681D38-320C-43D4-B69F-72D6D2067319}.Release|Any CPU.Build.0 = Release|Any CPU
		{C9EDCBFE-75D2-4ECE-87C7-AFEEF85A7C93}.Debug|Any CPU.ActiveCfg = Debug|Any CPU
		{C9EDCBFE-75D2-4ECE-87C7-AFEEF85A7C93}.Debug|Any CPU.Build.0 = Debug|Any CPU
		{C9EDCBFE-75D2-4ECE-87C7-AFEEF85A7C93}.Release|Any CPU.ActiveCfg = Release|Any CPU
		{C9EDCBFE-75D2-4ECE-87C7-AFEEF85A7C93}.Release|Any CPU.Build.0 = Release|Any CPU
	EndGlobalSection
	GlobalSection(SolutionProperties) = preSolution
		HideSolutionNode = FALSE
	EndGlobalSection
	GlobalSection(ExtensibilityGlobals) = postSolution
		SolutionGuid = {08868AC3-C89E-46C6-A607-DE360987F0C4}
	EndGlobalSection
EndGlobal
